
Microsoft Visual Studio Solution File, Format Version 12.00
# Visual Studio 2012
Project("{FAE04EC0-301F-11D3-BF4B-00C04F79EFBC}") = "StatsAPI", "StatsAPI\StatsAPI.csproj", "{878CEA5D-BB06-4E64-AF17-AE42D781CB2A}"
EndProject
Project("{FAE04EC0-301F-11D3-BF4B-00C04F79EFBC}") = "StatsAPI.Tests", "StatsAPI.Tests\StatsAPI.Tests.csproj", "{3C34D968-11DA-4D59-821E-40DBE2A34649}"
EndProject
Global
	GlobalSection(SolutionConfigurationPlatforms) = preSolution
		Debug|Any CPU = Debug|Any CPU
		Release|Any CPU = Release|Any CPU
	EndGlobalSection
	GlobalSection(ProjectConfigurationPlatforms) = postSolution
		{878CEA5D-BB06-4E64-AF17-AE42D781CB2A}.Debug|Any CPU.ActiveCfg = Debug|Any CPU
		{878CEA5D-BB06-4E64-AF17-AE42D781CB2A}.Debug|Any CPU.Build.0 = Debug|Any CPU
		{878CEA5D-BB06-4E64-AF17-AE42D781CB2A}.Release|Any CPU.ActiveCfg = Release|Any CPU
		{878CEA5D-BB06-4E64-AF17-AE42D781CB2A}.Release|Any CPU.Build.0 = Release|Any CPU
		{3C34D968-11DA-4D59-821E-40DBE2A34649}.Debug|Any CPU.ActiveCfg = Debug|Any CPU
		{3C34D968-11DA-4D59-821E-40DBE2A34649}.Debug|Any CPU.Build.0 = Debug|Any CPU
		{3C34D968-11DA-4D59-821E-40DBE2A34649}.Release|Any CPU.ActiveCfg = Release|Any CPU
		{3C34D968-11DA-4D59-821E-40DBE2A34649}.Release|Any CPU.Build.0 = Release|Any CPU
	EndGlobalSection
EndGlobal
